
Microsoft Visual Studio Solution File, Format Version 12.00
# Visual Studio Version 17
VisualStudioVersion = 17.7.34031.279
MinimumVisualStudioVersion = 10.0.40219.1
Project("{FAE04EC0-301F-11D3-BF4B-00C04F79EFBC}") = "App1.Android", "App1.Android\App1.Android.csproj", "{0E066531-127A-435B-93B4-660205CDBAB2}"
EndProject
Project("{FAE04EC0-301F-11D3-BF4B-00C04F79EFBC}") = "App1.iOS", "App1.iOS\App1.iOS.csproj", "{EEC918CD-0750-4BB6-BEE5-224D9C3B911F}"
EndProject
Project("{FAE04EC0-301F-11D3-BF4B-00C04F79EFBC}") = "App1", "App1\App1.csproj", "{1B41177B-7361-4FAF-B6F9-D5E0FBD851B8}"
EndProject
Global
	GlobalSection(SolutionConfigurationPlatforms) = preSolution
		Debug|Any CPU = Debug|Any CPU
		Debug|iPhone = Debug|iPhone
		Debug|iPhoneSimulator = Debug|iPhoneSimulator
		Release|Any CPU = Release|Any CPU
		Release|iPhone = Release|iPhone
		Release|iPhoneSimulator = Release|iPhoneSimulator
	EndGlobalSection
	GlobalSection(ProjectConfigurationPlatforms) = postSolution
		{0E066531-127A-435B-93B4-660205CDBAB2}.Debug|Any CPU.ActiveCfg = Debug|Any CPU
		{0E066531-127A-435B-93B4-660205CDBAB2}.Debug|Any CPU.Build.0 = Debug|Any CPU
		{0E066531-127A-435B-93B4-660205CDBAB2}.Debug|Any CPU.Deploy.0 = Debug|Any CPU
		{0E066531-127A-435B-93B4-660205CDBAB2}.Debug|iPhone.ActiveCfg = Debug|Any CPU
		{0E066531-127A-435B-93B4-660205CDBAB2}.Debug|iPhone.Build.0 = Debug|Any CPU
		{0E066531-127A-435B-93B4-660205CDBAB2}.Debug|iPhone.Deploy.0 = Debug|Any CPU
		{0E066531-127A-435B-93B4-660205CDBAB2}.Debug|iPhoneSimulator.ActiveCfg = Debug|Any CPU
		{0E066531-127A-435B-93B4-660205CDBAB2}.Debug|iPhoneSimulator.Build.0 = Debug|Any CPU
		{0E066531-127A-435B-93B4-660205CDBAB2}.Debug|iPhoneSimulator.Deploy.0 = Debug|Any CPU
		{0E066531-127A-435B-93B4-660205CDBAB2}.Release|Any CPU.ActiveCfg = Release|Any CPU
		{0E066531-127A-435B-93B4-660205CDBAB2}.Release|Any CPU.Build.0 = Release|Any CPU
		{0E066531-127A-435B-93B4-660205CDBAB2}.Release|Any CPU.Deploy.0 = Release|Any CPU
		{0E066531-127A-435B-93B4-660205CDBAB2}.Release|iPhone.ActiveCfg = Release|Any CPU
		{0E066531-127A-435B-93B4-660205CDBAB2}.Release|iPhone.Build.0 = Release|Any CPU
		{0E066531-127A-435B-93B4-660205CDBAB2}.Release|iPhone.Deploy.0 = Release|Any CPU
		{0E066531-127A-435B-93B4-660205CDBAB2}.Release|iPhoneSimulator.ActiveCfg = Release|Any CPU
		{0E066531-127A-435B-93B4-660205CDBAB2}.Release|iPhoneSimulator.Build.0 = Release|Any CPU
		{0E066531-127A-435B-93B4-660205CDBAB2}.Release|iPhoneSimulator.Deploy.0 = Release|Any CPU
		{EEC918CD-0750-4BB6-BEE5-224D9C3B911F}.Debug|Any CPU.ActiveCfg = Debug|iPhone
		{EEC918CD-0750-4BB6-BEE5-224D9C3B911F}.Debug|Any CPU.Build.0 = Debug|iPhone
		{EEC918CD-0750-4BB6-BEE5-224D9C3B911F}.Debug|Any CPU.Deploy.0 = Debug|iPhone
		{EEC918CD-0750-4BB6-BEE5-224D9C3B911F}.Debug|iPhone.ActiveCfg = Debug|iPhone
		{EEC918CD-0750-4BB6-BEE5-224D9C3B911F}.Debug|iPhone.Build.0 = Debug|iPhone
		{EEC918CD-0750-4BB6-BEE5-224D9C3B911F}.Debug|iPhone.Deploy.0 = Debug|iPhone
		{EEC918CD-0750-4BB6-BEE5-224D9C3B911F}.Debug|iPhoneSimulator.ActiveCfg = Debug|iPhoneSimulator
		{EEC918CD-0750-4BB6-BEE5-224D9C3B911F}.Debug|iPhoneSimulator.Build.0 = Debug|iPhoneSimulator
		{EEC918CD-0750-4BB6-BEE5-224D9C3B911F}.Debug|iPhoneSimulator.Deploy.0 = Debug|iPhoneSimulator
		{EEC918CD-0750-4BB6-BEE5-224D9C3B911F}.Release|Any CPU.ActiveCfg = Release|iPhoneSimulator
		{EEC918CD-0750-4BB6-BEE5-224D9C3B911F}.Release|Any CPU.Build.0 = Release|iPhoneSimulator
		{EEC918CD-0750-4BB6-BEE5-224D9C3B911F}.Release|Any CPU.Deploy.0 = Release|iPhoneSimulator
		{EEC918CD-0750-4BB6-BEE5-224D9C3B911F}.Release|iPhone.ActiveCfg = Release|iPhone
		{EEC918CD-0750-4BB6-BEE5-224D9C3B911F}.Release|iPhone.Build.0 = Release|iPhone
		{EEC918CD-0750-4BB6-BEE5-224D9C3B911F}.Release|iPhone.Deploy.0 = Release|iPhone
		{EEC918CD-0750-4BB6-BEE5-224D9C3B911F}.Release|iPhoneSimulator.ActiveCfg = Release|iPhoneSimulator
		{EEC918CD-0750-4BB6-BEE5-224D9C3B911F}.Release|iPhoneSimulator.Build.0 = Release|iPhoneSimulator
		{EEC918CD-0750-4BB6-BEE5-224D9C3B911F}.Release|iPhoneSimulator.Deploy.0 = Release|iPhoneSimulator
		{1B41177B-7361-4FAF-B6F9-D5E0FBD851B8}.Debug|Any CPU.ActiveCfg = Debug|Any CPU
		{1B41177B-7361-4FAF-B6F9-D5E0FBD851B8}.Debug|Any CPU.Build.0 = Debug|Any CPU
		{1B41177B-7361-4FAF-B6F9-D5E0FBD851B8}.Debug|Any CPU.Deploy.0 = Debug|Any CPU
		{1B41177B-7361-4FAF-B6F9-D5E0FBD851B8}.Debug|iPhone.ActiveCfg = Debug|Any CPU
		{1B41177B-7361-4FAF-B6F9-D5E0FBD851B8}.Debug|iPhone.Build.0 = Debug|Any CPU
		{1B41177B-7361-4FAF-B6F9-D5E0FBD851B8}.Debug|iPhone.Deploy.0 = Debug|Any CPU
		{1B41177B-7361-4FAF-B6F9-D5E0FBD851B8}.Debug|iPhoneSimulator.ActiveCfg = Debug|Any CPU
		{1B41177B-7361-4FAF-B6F9-D5E0FBD851B8}.Debug|iPhoneSimulator.Build.0 = Debug|Any CPU
		{1B41177B-7361-4FAF-B6F9-D5E0FBD851B8}.Debug|iPhoneSimulator.Deploy.0 = Debug|Any CPU
		{1B41177B-7361-4FAF-B6F9-D5E0FBD851B8}.Release|Any CPU.ActiveCfg = Release|Any CPU
		{1B41177B-7361-4FAF-B6F9-D5E0FBD851B8}.Release|Any CPU.Build.0 = Release|Any CPU
		{1B41177B-7361-4FAF-B6F9-D5E0FBD851B8}.Release|Any CPU.Deploy.0 = Release|Any CPU
		{1B41177B-7361-4FAF-B6F9-D5E0FBD851B8}.Release|iPhone.ActiveCfg = Release|Any CPU
		{1B41177B-7361-4FAF-B6F9-D5E0FBD851B8}.Release|iPhone.Build.0 = Release|Any CPU
		{1B41177B-7361-4FAF-B6F9-D5E0FBD851B8}.Release|iPhone.Deploy.0 = Release|Any CPU
		{1B41177B-7361-4FAF-B6F9-D5E0FBD851B8}.Release|iPhoneSimulator.ActiveCfg = Release|Any CPU
		{1B41177B-7361-4FAF-B6F9-D5E0FBD851B8}.Release|iPhoneSimulator.Build.0 = Release|Any CPU
		{1B41177B-7361-4FAF-B6F9-D5E0FBD851B8}.Release|iPhoneSimulator.Deploy.0 = Release|Any CPU
	EndGlobalSection
	GlobalSection(SolutionProperties) = preSolution
		HideSolutionNode = FALSE
	EndGlobalSection
	GlobalSection(ExtensibilityGlobals) = postSolution
		SolutionGuid = {35CA283F-31CB-4F79-8813-00AFE12D050B}
	EndGlobalSection
EndGlobal
